<?xml version="1.0" encoding="utf-8"?>
<Project ToolsVersion="4.0" xmlns="http://schemas.microsoft.com/developer/msbuild/2003">
  <ItemGroup>
    <ClCompile Include="GameObject\FireBoss.cpp" />
    <ClCompile Include="GameObject\Enemy.cpp" />
    <ClCompile Include="GameObject\Archer.cpp" />
    <ClCompile Include="Ui\DrawSelect.cpp" />
    <ClCompile Include="Framework\FileData.cpp" />
    <ClCompile Include="Framework\FileMgr.cpp" />
    <ClCompile Include="GameObject\Button.cpp" />
    <ClCompile Include="Framework\AnimationClip.cpp" />
    <ClCompile Include="Framework\Animator.cpp" />
    <ClCompile Include="Framework\RayCast.cpp" />
    <ClCompile Include="DataTable\DataTable.cpp" />
    <ClCompile Include="DataTable\DataTableMGR.cpp" />
    <ClCompile Include="Framework\Framework.cpp" />
    <ClCompile Include="Framework\InputMgr.cpp" />
    <ClCompile Include="Framework\ResourceMgr.cpp" />
    <ClCompile Include="Framework\Utils.cpp" />
    <ClCompile Include="GameObject\DrawObj.cpp" />
    <ClCompile Include="GameObject\MoveObj.cpp" />
    <ClCompile Include="GameObject\TextObj.cpp" />
    <ClCompile Include="GameObject\Lancer.cpp" />
    <ClCompile Include="GameObject\UiObject.cpp" />
    <ClCompile Include="GameObject\VertexArrayObj.cpp" />
    <ClCompile Include="GameObject\HeavyBombingArcher.cpp" />
    <ClCompile Include="main.cpp" />
    <ClCompile Include="GameObject\Object.cpp" />
    <ClCompile Include="Ui\LoadWindowBox.cpp" />
    <ClCompile Include="Scene\MapToolScene.cpp" />
    <ClCompile Include="GameObject\Player.cpp" />
    <ClCompile Include="GameObject\Projectile.cpp" />
    <ClCompile Include="Scene\PlayScene.cpp" />
    <ClCompile Include="Scene\Scene.cpp" />
    <ClCompile Include="GameObject\SpriteObj.cpp" />
    <ClCompile Include="Framework\SoundMgr.cpp" />
    <ClCompile Include="Scene\SceneMgr.cpp" />
    <ClCompile Include="GameObject\Skill.cpp" />
    <ClCompile Include="Scene\SkillToolScene.cpp" />
    <ClCompile Include="DataTable\SkillTable.cpp" />
    <ClCompile Include="Ui\SaveWindowBox.cpp" />
    <ClCompile Include="Ui\SkillToolUiMgr.cpp" />
    <ClCompile Include="Ui\UiMgr.cpp" />
    <ClCompile Include="Ui\MapToolUiMgr.cpp" />
    <ClCompile Include="Ui\SelectOption.cpp" />
    <ClCompile Include="GameObject\Button2.cpp" />
    <ClCompile Include="GameObject\TextBox.cpp" />
    <ClCompile Include="Ui\OptionButtons.cpp" />
    <ClCompile Include="Scene\TitleScene.cpp" />
    <ClCompile Include="Ui\TitleUiMgr.cpp" />
    <ClCompile Include="Ui\PlayUiMgr.cpp" />
    <ClCompile Include="GameObject\Sector.cpp" />
    <ClCompile Include="GameObject\CastingCircle.cpp" />
    <ClCompile Include="GameObject\SkillSet.cpp" />
    <ClCompile Include="DataTable\SkillSetTable.cpp" />
    <ClCompile Include="Ui\DataTableList.cpp" />
    <ClCompile Include="GameObject\Door.cpp" />
    <ClCompile Include="GameObject\Cliff.cpp" />
    <ClCompile Include="GameObject\FinalBoss.cpp" />
    <ClCompile Include="Ui\PlaySceneSkillOptions.cpp" />
    <ClCompile Include="DataTable\FinalBossSkillTable.cpp" />
    <ClCompile Include="DataTable\StatTable.cpp" />
    <ClCompile Include="Scene\EndingScene.cpp" />
    <ClCompile Include="Ui\ShowDamage.cpp" />
    <ClCompile Include="Ui\SkillCoolDownUi.cpp" />
    <ClCompile Include="DataTable\MapNameTable.cpp" />
    <ClCompile Include="Framework\CameraMove.cpp" />
    <ClCompile Include="Ui\Gold.cpp" />
    <ClCompile Include="Ui\ChaosFragments.cpp" />
  </ItemGroup>
  <ItemGroup>
    <ClInclude Include="3rd\rapidcsv.h" />
    <ClInclude Include="3rd\SingleTon.h" />
    <ClInclude Include="GameObject\FireBoss.h" />
    <ClInclude Include="GameObject\Enemy.h" />
    <ClInclude Include="GameObject\Archer.h" />
    <ClInclude Include="Ui\DrawSelect.h" />
    <ClInclude Include="Framework\FileData.h" />
    <ClInclude Include="Framework\FileMgr.h" />
    <ClInclude Include="GameObject\Button.h" />
    <ClInclude Include="Framework\AnimationClip.h" />
    <ClInclude Include="Framework\Animator.h" />
    <ClInclude Include="GameObject\DragRectTile.h" />
    <ClInclude Include="Framework\RayCast.h" />
    <ClInclude Include="DataTable\DataTable.h" />
    <ClInclude Include="DataTable\DataTableMGR.h" />
    <ClInclude Include="Framework\Framework.h" />
    <ClInclude Include="Framework\InputMgr.h" />
    <ClInclude Include="Framework\ObjectPool.h" />
    <ClInclude Include="Framework\ResourceMgr.h" />
    <ClInclude Include="Framework\Utils.h" />
    <ClInclude Include="GameObject\DrawObj.h" />
    <ClInclude Include="GameObject\MoveObj.h" />
    <ClInclude Include="GameObject\Object.h" />
    <ClInclude Include="GameObject\TextObj.h" />
    <ClInclude Include="GameObject\Lancer.h" />
    <ClInclude Include="GameObject\UiObject.h" />
    <ClInclude Include="GameObject\VertexArrayObj.h" />
    <ClInclude Include="GameObject\HeavyBombingArcher.h" />
    <ClInclude Include="Ui\LoadWindowBox.h" />
    <ClInclude Include="Scene\MapToolScene.h" />
    <ClInclude Include="GameObject\Player.h" />
    <ClInclude Include="GameObject\Projectile.h" />
    <ClInclude Include="Scene\PlayScene.h" />
    <ClInclude Include="Scene\Scene.h" />
    <ClInclude Include="GameObject\SpriteObj.h" />
    <ClInclude Include="Framework\SoundMgr.h" />
    <ClInclude Include="Scene\SceneMgr.h" />
    <ClInclude Include="GameObject\Skill.h" />
    <ClInclude Include="Scene\SkillToolScene.h" />
    <ClInclude Include="DataTable\SkillTable.h" />
    <ClInclude Include="Ui\SaveWindowBox.h" />
    <ClInclude Include="Ui\SkillToolUiMgr.h" />
    <ClInclude Include="Ui\UiMgr.h" />
    <ClInclude Include="Ui\MapToolUiMgr.h" />
    <ClInclude Include="Ui\SelectOption.h" />
    <ClInclude Include="GameObject\Button2.h" />
    <ClInclude Include="GameObject\TextBox.h" />
    <ClInclude Include="Ui\OptionButtons.h" />
    <ClInclude Include="Scene\TitleScene.h" />
    <ClInclude Include="Ui\TitleUiMgr.h" />
    <ClInclude Include="Ui\PlayUiMgr.h" />
    <ClInclude Include="3rd\OBB.h" />
    <ClInclude Include="GameObject\Sector.h" />
    <ClInclude Include="GameObject\CastingCircle.h" />
    <ClInclude Include="GameObject\SkillSet.h" />
    <ClInclude Include="DataTable\SkillSetTable.h" />
    <ClInclude Include="Ui\DataTableList.h" />
    <ClInclude Include="GameObject\Door.h" />
    <ClInclude Include="GameObject\Cliff.h" />
    <ClInclude Include="GameObject\FinalBoss.h" />
    <ClInclude Include="Ui\PlaySceneSkillOptions.h" />
    <ClInclude Include="DataTable\FinalBossSkillTable.h" />
    <ClInclude Include="DataTable\StatTable.h" />
    <ClInclude Include="Scene\EndingScene.h" />
    <ClInclude Include="Ui\ShowDamage.h" />
    <ClInclude Include="Ui\SkillCoolDownUi.h" />
    <ClInclude Include="DataTable\MapNameTable.h" />
    <ClInclude Include="Framework\CameraMove.h" />
    <ClInclude Include="Ui\Gold.h" />
    <ClInclude Include="Ui\ChaosFragments.h" />
  </ItemGroup>
  <ItemGroup>
    <None Include="packages.config" />
  </ItemGroup>
</Project>